github.com/mitchellh/mapstructure v1.1.2 h1:fmNYVwqnSfB9mZU6OS2O6GsXM+wcskZDuKQzvN1EDeE=
github.com/mitchellh/mapstructure v1.1.2/go.mod h1:FVVH3fgwuzCH5S8UJGiWEs2h04kUh9fWfEaFds41c1Y=
github.com/yuin/gluamapper v0.0.0-20150323120927-d836955830e7 h1:noHsffKZsNfU38DwcXWEPldrTjIZ8FPNKx8mYMGnqjs=
github.com/yuin/gluamapper v0.0.0-20150323120927-d836955830e7/go.mod h1:bbMEM6aU1WDF1ErA5YJ0p91652pGv140gGw4Ww3RGp8=
github.com/yuin/gopher-lua v0.0.0-20180827083657-b942cacc89fe h1:5Zfs+TirasJUUDUjrHEdMW6XoFmfQxpuPS58cJgoZBQ=
github.com/yuin/gopher-lua v0.0.0-20180827083657-b942cacc89fe/go.mod h1:aEV29XrmTYFr3CiRxZeGHpkvbwq+prZduBqMaascyCU=
golang.org/x/net v0.0.0-20180906233101-161cd47e91fd h1:nTDtHvHSdCn1m6ITfMRqtOd/9+7a3s8RBNOZ3eYZzJA=
golang.org/x/net v0.0.0-20180906233101-161cd47e91fd/go.mod h1:mL1N/T3taQHkDXs73rZJwtUhF3w3ftmwwsq0BUmARs4=
golang.org/x/text v0.3.0 h1:g61tztE5qeGQ89tm6NTjjM9VPIm088od1l6aSorWRWg=
golang.org/x/text v0.3.0/go.mod h1:NqM8EUOU14njkJ3fqMW+pc6Ldnwhi/IjpwHt7yyuwOQ=
layeh.com/gopher-luar v1.0.4 h1:BFgt94J/CXh4HkDcE2b7A7pBaVeQKEVfHEBRKL/K/Tc=
layeh.com/gopher-luar v1.0.4/go.mod h1:N3rev/ttQd8yVluXaYsa0M/eknzRYWe+pxZ35ZFmaaI=
